
Microsoft Visual Studio Solution File, Format Version 12.00
# Visual Studio Version 16
VisualStudioVersion = 16.0.31005.135
MinimumVisualStudioVersion = 10.0.40219.1
Project("{FAE04EC0-301F-11D3-BF4B-00C04F79EFBC}") = "RecentToExcel", "RecentToExcel\RecentToExcel.csproj", "{115597B2-AE05-4DB9-8940-326201A8FFBC}"
EndProject
Global
	GlobalSection(SolutionConfigurationPlatforms) = preSolution
		Debug|Any CPU = Debug|Any CPU
		Release|Any CPU = Release|Any CPU
	EndGlobalSection
	GlobalSection(ProjectConfigurationPlatforms) = postSolution
		{115597B2-AE05-4DB9-8940-326201A8FFBC}.Debug|Any CPU.ActiveCfg = Debug|Any CPU
		{115597B2-AE05-4DB9-8940-326201A8FFBC}.Debug|Any CPU.Build.0 = Debug|Any CPU
		{115597B2-AE05-4DB9-8940-326201A8FFBC}.Release|Any CPU.ActiveCfg = Release|Any CPU
		{115597B2-AE05-4DB9-8940-326201A8FFBC}.Release|Any CPU.Build.0 = Release|Any CPU
	EndGlobalSection
	GlobalSection(SolutionProperties) = preSolution
		HideSolutionNode = FALSE
	EndGlobalSection
	GlobalSection(ExtensibilityGlobals) = postSolution
		SolutionGuid = {F3EEAC15-C56D-43A1-9689-B575109BCA5D}
	EndGlobalSection
EndGlobal
